
Microsoft Visual Studio Solution File, Format Version 12.00
# Visual Studio Version 16
VisualStudioVersion = 16.0.30517.126
MinimumVisualStudioVersion = 10.0.40219.1
Project("{FAE04EC0-301F-11D3-BF4B-00C04F79EFBC}") = "FoodIt", "FoodIt\FoodIt.csproj", "{CF2E098E-D250-47E5-97EB-39E188F75B63}"
EndProject
Global
	GlobalSection(SolutionConfigurationPlatforms) = preSolution
		Debug|Any CPU = Debug|Any CPU
		Release|Any CPU = Release|Any CPU
	EndGlobalSection
	GlobalSection(ProjectConfigurationPlatforms) = postSolution
		{CF2E098E-D250-47E5-97EB-39E188F75B63}.Debug|Any CPU.ActiveCfg = Debug|Any CPU
		{CF2E098E-D250-47E5-97EB-39E188F75B63}.Debug|Any CPU.Build.0 = Debug|Any CPU
		{CF2E098E-D250-47E5-97EB-39E188F75B63}.Release|Any CPU.ActiveCfg = Release|Any CPU
		{CF2E098E-D250-47E5-97EB-39E188F75B63}.Release|Any CPU.Build.0 = Release|Any CPU
	EndGlobalSection
	GlobalSection(SolutionProperties) = preSolution
		HideSolutionNode = FALSE
	EndGlobalSection
	GlobalSection(ExtensibilityGlobals) = postSolution
		SolutionGuid = {D7AF889E-6C1F-4030-B235-1E94837C9B37}
	EndGlobalSection
EndGlobal
